
Microsoft Visual Studio Solution File, Format Version 12.00
Project("{FAE04EC0-301F-11D3-BF4B-00C04F79EFBC}") = "BinaryArchive00.Tests", "BinaryArchive00.Tests\BinaryArchive00.Tests.csproj", "{14939C5A-1CBB-46D5-AF22-0FB2CF6F0616}"
EndProject
Project("{FAE04EC0-301F-11D3-BF4B-00C04F79EFBC}") = "BinaryArchive00", "BinaryArchive00\BinaryArchive00.csproj", "{FA3E0725-711B-46DD-AA6B-B699CF67D598}"
EndProject
Project("{FAE04EC0-301F-11D3-BF4B-00C04F79EFBC}") = "BinaryArchive00.Utils", "BinaryArchive00.Utils\BinaryArchive00.Utils.csproj", "{D4202800-4252-4B47-A73A-947B38C51A30}"
EndProject
Project("{FAE04EC0-301F-11D3-BF4B-00C04F79EFBC}") = "BinaryArchive00.Explorer", "BinaryArchive00.Explorer\BinaryArchive00.Explorer.csproj", "{E13F6F83-326B-47D8-922B-070A977B3D93}"
EndProject
Global
	GlobalSection(SolutionConfigurationPlatforms) = preSolution
		Debug|Any CPU = Debug|Any CPU
		Release|Any CPU = Release|Any CPU
	EndGlobalSection
	GlobalSection(ProjectConfigurationPlatforms) = postSolution
		{14939C5A-1CBB-46D5-AF22-0FB2CF6F0616}.Debug|Any CPU.ActiveCfg = Debug|Any CPU
		{14939C5A-1CBB-46D5-AF22-0FB2CF6F0616}.Debug|Any CPU.Build.0 = Debug|Any CPU
		{14939C5A-1CBB-46D5-AF22-0FB2CF6F0616}.Release|Any CPU.ActiveCfg = Release|Any CPU
		{14939C5A-1CBB-46D5-AF22-0FB2CF6F0616}.Release|Any CPU.Build.0 = Release|Any CPU
		{FA3E0725-711B-46DD-AA6B-B699CF67D598}.Debug|Any CPU.ActiveCfg = Debug|Any CPU
		{FA3E0725-711B-46DD-AA6B-B699CF67D598}.Debug|Any CPU.Build.0 = Debug|Any CPU
		{FA3E0725-711B-46DD-AA6B-B699CF67D598}.Release|Any CPU.ActiveCfg = Release|Any CPU
		{FA3E0725-711B-46DD-AA6B-B699CF67D598}.Release|Any CPU.Build.0 = Release|Any CPU
		{D4202800-4252-4B47-A73A-947B38C51A30}.Debug|Any CPU.ActiveCfg = Debug|Any CPU
		{D4202800-4252-4B47-A73A-947B38C51A30}.Debug|Any CPU.Build.0 = Debug|Any CPU
		{D4202800-4252-4B47-A73A-947B38C51A30}.Release|Any CPU.ActiveCfg = Release|Any CPU
		{D4202800-4252-4B47-A73A-947B38C51A30}.Release|Any CPU.Build.0 = Release|Any CPU
		{E13F6F83-326B-47D8-922B-070A977B3D93}.Debug|Any CPU.ActiveCfg = Debug|Any CPU
		{E13F6F83-326B-47D8-922B-070A977B3D93}.Debug|Any CPU.Build.0 = Debug|Any CPU
		{E13F6F83-326B-47D8-922B-070A977B3D93}.Release|Any CPU.ActiveCfg = Release|Any CPU
		{E13F6F83-326B-47D8-922B-070A977B3D93}.Release|Any CPU.Build.0 = Release|Any CPU
	EndGlobalSection
EndGlobal
